
Microsoft Visual Studio Solution File, Format Version 12.00
# Visual Studio Version 17
VisualStudioVersion = 17.8.34408.163
MinimumVisualStudioVersion = 10.0.40219.1
Project("{FAE04EC0-301F-11D3-BF4B-00C04F79EFBC}") = "Kamba.Common", "Kamba.Common\Kamba.Common.csproj", "{8339A5BE-0227-4A9A-8D50-0F7C8D47B51F}"
EndProject
Project("{FAE04EC0-301F-11D3-BF4B-00C04F79EFBC}") = "Kamba.Server", "Kamba.Server\Kamba.Server.csproj", "{6A3D9C2F-70A2-4D30-AC41-99C99256E756}"
EndProject
Project("{FAE04EC0-301F-11D3-BF4B-00C04F79EFBC}") = "Kamba.Client", "Kamba.Client\Kamba.Client.csproj", "{A226CD9A-729C-480E-8AAC-03A06EAB33A5}"
EndProject
Project("{FAE04EC0-301F-11D3-BF4B-00C04F79EFBC}") = "Kamba.Web", "Kamba.Web\Kamba.Web.csproj", "{C320B63E-C600-4914-A863-74B1AB7C9133}"
EndProject
Project("{FAE04EC0-301F-11D3-BF4B-00C04F79EFBC}") = "Kamba.Model", "Kamba.Model\Kamba.Model.csproj", "{17DD4407-9FC3-459B-AA8B-AF21CAAF25F0}"
EndProject
Project("{FAE04EC0-301F-11D3-BF4B-00C04F79EFBC}") = "Kamba.UI", "Kamba.UI\Kamba.UI.csproj", "{D809D0C0-FB4F-4C57-963B-683B50C2D269}"
EndProject
Global
	GlobalSection(SolutionConfigurationPlatforms) = preSolution
		Debug|Any CPU = Debug|Any CPU
		Release|Any CPU = Release|Any CPU
	EndGlobalSection
	GlobalSection(ProjectConfigurationPlatforms) = postSolution
		{8339A5BE-0227-4A9A-8D50-0F7C8D47B51F}.Debug|Any CPU.ActiveCfg = Debug|Any CPU
		{8339A5BE-0227-4A9A-8D50-0F7C8D47B51F}.Debug|Any CPU.Build.0 = Debug|Any CPU
		{8339A5BE-0227-4A9A-8D50-0F7C8D47B51F}.Release|Any CPU.ActiveCfg = Release|Any CPU
		{8339A5BE-0227-4A9A-8D50-0F7C8D47B51F}.Release|Any CPU.Build.0 = Release|Any CPU
		{6A3D9C2F-70A2-4D30-AC41-99C99256E756}.Debug|Any CPU.ActiveCfg = Debug|Any CPU
		{6A3D9C2F-70A2-4D30-AC41-99C99256E756}.Debug|Any CPU.Build.0 = Debug|Any CPU
		{6A3D9C2F-70A2-4D30-AC41-99C99256E756}.Release|Any CPU.ActiveCfg = Release|Any CPU
		{6A3D9C2F-70A2-4D30-AC41-99C99256E756}.Release|Any CPU.Build.0 = Release|Any CPU
		{A226CD9A-729C-480E-8AAC-03A06EAB33A5}.Debug|Any CPU.ActiveCfg = Debug|Any CPU
		{A226CD9A-729C-480E-8AAC-03A06EAB33A5}.Debug|Any CPU.Build.0 = Debug|Any CPU
		{A226CD9A-729C-480E-8AAC-03A06EAB33A5}.Release|Any CPU.ActiveCfg = Release|Any CPU
		{A226CD9A-729C-480E-8AAC-03A06EAB33A5}.Release|Any CPU.Build.0 = Release|Any CPU
		{C320B63E-C600-4914-A863-74B1AB7C9133}.Debug|Any CPU.ActiveCfg = Debug|Any CPU
		{C320B63E-C600-4914-A863-74B1AB7C9133}.Debug|Any CPU.Build.0 = Debug|Any CPU
		{C320B63E-C600-4914-A863-74B1AB7C9133}.Release|Any CPU.ActiveCfg = Release|Any CPU
		{C320B63E-C600-4914-A863-74B1AB7C9133}.Release|Any CPU.Build.0 = Release|Any CPU
		{17DD4407-9FC3-459B-AA8B-AF21CAAF25F0}.Debug|Any CPU.ActiveCfg = Debug|Any CPU
		{17DD4407-9FC3-459B-AA8B-AF21CAAF25F0}.Debug|Any CPU.Build.0 = Debug|Any CPU
		{17DD4407-9FC3-459B-AA8B-AF21CAAF25F0}.Release|Any CPU.ActiveCfg = Release|Any CPU
		{17DD4407-9FC3-459B-AA8B-AF21CAAF25F0}.Release|Any CPU.Build.0 = Release|Any CPU
		{D809D0C0-FB4F-4C57-963B-683B50C2D269}.Debug|Any CPU.ActiveCfg = Debug|Any CPU
		{D809D0C0-FB4F-4C57-963B-683B50C2D269}.Debug|Any CPU.Build.0 = Debug|Any CPU
		{D809D0C0-FB4F-4C57-963B-683B50C2D269}.Release|Any CPU.ActiveCfg = Release|Any CPU
		{D809D0C0-FB4F-4C57-963B-683B50C2D269}.Release|Any CPU.Build.0 = Release|Any CPU
	EndGlobalSection
	GlobalSection(SolutionProperties) = preSolution
		HideSolutionNode = FALSE
	EndGlobalSection
	GlobalSection(ExtensibilityGlobals) = postSolution
		SolutionGuid = {7543E621-92CD-4DEF-B422-B0EDCB22CD90}
	EndGlobalSection
EndGlobal
